
Microsoft Visual Studio Solution File, Format Version 12.00
# Visual Studio Version 16
VisualStudioVersion = 16.0.30114.105
MinimumVisualStudioVersion = 10.0.40219.1
Project("{FAE04EC0-301F-11D3-BF4B-00C04F79EFBC}") = "UI Database", "UI Database\UI Database.csproj", "{39BDAB77-51C6-4BB9-BEE5-FEEBB94F6C91}"
EndProject
Global
	GlobalSection(SolutionConfigurationPlatforms) = preSolution
		Debug|Any CPU = Debug|Any CPU
		Release|Any CPU = Release|Any CPU
	EndGlobalSection
	GlobalSection(ProjectConfigurationPlatforms) = postSolution
		{39BDAB77-51C6-4BB9-BEE5-FEEBB94F6C91}.Debug|Any CPU.ActiveCfg = Debug|Any CPU
		{39BDAB77-51C6-4BB9-BEE5-FEEBB94F6C91}.Debug|Any CPU.Build.0 = Debug|Any CPU
		{39BDAB77-51C6-4BB9-BEE5-FEEBB94F6C91}.Release|Any CPU.ActiveCfg = Release|Any CPU
		{39BDAB77-51C6-4BB9-BEE5-FEEBB94F6C91}.Release|Any CPU.Build.0 = Release|Any CPU
	EndGlobalSection
	GlobalSection(SolutionProperties) = preSolution
		HideSolutionNode = FALSE
	EndGlobalSection
	GlobalSection(ExtensibilityGlobals) = postSolution
		SolutionGuid = {63529677-AFE6-40A7-AC7C-45A8C906C8D6}
	EndGlobalSection
EndGlobal
